Microsoft Visual Studio Solution File, Format Version 12.00
# Visual Studio 2012
Project("{FAE04EC0-301F-11D3-BF4B-00C04F79EFBC}") = "PW3-JuegoTFT", "PW3-JuegoTFT.csproj", "{B93585C4-1A75-4695-9605-BD6EE307254A}"
EndProject
Global
	GlobalSection(SolutionConfigurationPlatforms) = preSolution
	Debug|Any CPU = Debug|Any CPU
	ExportDebug|Any CPU = ExportDebug|Any CPU
	ExportRelease|Any CPU = ExportRelease|Any CPU
	EndGlobalSection
	GlobalSection(ProjectConfigurationPlatforms) = postSolution
		{B93585C4-1A75-4695-9605-BD6EE307254A}.Debug|Any CPU.ActiveCfg = Debug|Any CPU
		{B93585C4-1A75-4695-9605-BD6EE307254A}.Debug|Any CPU.Build.0 = Debug|Any CPU
		{B93585C4-1A75-4695-9605-BD6EE307254A}.ExportDebug|Any CPU.ActiveCfg = ExportDebug|Any CPU
		{B93585C4-1A75-4695-9605-BD6EE307254A}.ExportDebug|Any CPU.Build.0 = ExportDebug|Any CPU
		{B93585C4-1A75-4695-9605-BD6EE307254A}.ExportRelease|Any CPU.ActiveCfg = ExportRelease|Any CPU
		{B93585C4-1A75-4695-9605-BD6EE307254A}.ExportRelease|Any CPU.Build.0 = ExportRelease|Any CPU
	EndGlobalSection
EndGlobal
